
Microsoft Visual Studio Solution File, Format Version 12.00
# Visual Studio Version 17
VisualStudioVersion = 17.7.34018.315
MinimumVisualStudioVersion = 10.0.40219.1
Project("{FAE04EC0-301F-11D3-BF4B-00C04F79EFBC}") = "Act4CreationDynamiqueVictorPholien", "Act4CreationDynamiqueVictorPholien\Act4CreationDynamiqueVictorPholien.csproj", "{40A8C32F-3221-42A7-AC6F-D6AE8D748450}"
EndProject
Global
	GlobalSection(SolutionConfigurationPlatforms) = preSolution
		Debug|Any CPU = Debug|Any CPU
		Release|Any CPU = Release|Any CPU
	EndGlobalSection
	GlobalSection(ProjectConfigurationPlatforms) = postSolution
		{40A8C32F-3221-42A7-AC6F-D6AE8D748450}.Debug|Any CPU.ActiveCfg = Debug|Any CPU
		{40A8C32F-3221-42A7-AC6F-D6AE8D748450}.Debug|Any CPU.Build.0 = Debug|Any CPU
		{40A8C32F-3221-42A7-AC6F-D6AE8D748450}.Release|Any CPU.ActiveCfg = Release|Any CPU
		{40A8C32F-3221-42A7-AC6F-D6AE8D748450}.Release|Any CPU.Build.0 = Release|Any CPU
	EndGlobalSection
	GlobalSection(SolutionProperties) = preSolution
		HideSolutionNode = FALSE
	EndGlobalSection
	GlobalSection(ExtensibilityGlobals) = postSolution
		SolutionGuid = {DED4708C-7CCD-4E79-9D8B-8E44E2BC2C85}
	EndGlobalSection
EndGlobal
